# THIS IS AN AUTOGENERATED FILE. DO NOT EDIT THIS FILE DIRECTLY.
# yarn lockfile v1


vue-electron@^1.0.0:
  version "1.0.6"
  resolved "https://registry.yarnpkg.com/vue-electron/-/vue-electron-1.0.6.tgz#e798e03180b8933539defe31f92e53b9242b9406"

vue-resource@^1.0.3:
  version "1.0.3"
  resolved "https://registry.yarnpkg.com/vue-resource/-/vue-resource-1.0.3.tgz#8d52d0d8a9ed5f2ae704c68d530c84ceaf97be14"

vue@^2.0.1:
  version "2.1.7"
  resolved "https://registry.yarnpkg.com/vue/-/vue-2.1.7.tgz#747880cb70a50c66cb8791aacfee7a6dab7fc842"

vuex@^2.0.0:
  version "2.1.1"
  resolved "https://registry.yarnpkg.com/vuex/-/vuex-2.1.1.tgz#78463ee45fae4871c5d05177b4e8cedd9e2cbccc"
